
Microsoft Visual Studio Solution File, Format Version 12.00
# Visual Studio Version 17
VisualStudioVersion = 17.13.36105.23 d17.13
MinimumVisualStudioVersion = 10.0.40219.1
Project("{FAE04EC0-301F-11D3-BF4B-00C04F79EFBC}") = "DynamicReporting.Api", "DynamicReporting.Api\DynamicReporting.Api.csproj", "{0DFE4EF9-7B50-4110-93BF-29B59637538D}"
EndProject
Global
	GlobalSection(SolutionConfigurationPlatforms) = preSolution
		Debug|Any CPU = Debug|Any CPU
		Release|Any CPU = Release|Any CPU
	EndGlobalSection
	GlobalSection(ProjectConfigurationPlatforms) = postSolution
		{0DFE4EF9-7B50-4110-93BF-29B59637538D}.Debug|Any CPU.ActiveCfg = Debug|Any CPU
		{0DFE4EF9-7B50-4110-93BF-29B59637538D}.Debug|Any CPU.Build.0 = Debug|Any CPU
		{0DFE4EF9-7B50-4110-93BF-29B59637538D}.Release|Any CPU.ActiveCfg = Release|Any CPU
		{0DFE4EF9-7B50-4110-93BF-29B59637538D}.Release|Any CPU.Build.0 = Release|Any CPU
	EndGlobalSection
	GlobalSection(SolutionProperties) = preSolution
		HideSolutionNode = FALSE
	EndGlobalSection
	GlobalSection(ExtensibilityGlobals) = postSolution
		SolutionGuid = {A3A06620-58D1-4BFA-85A2-2647C38992B1}
	EndGlobalSection
EndGlobal
